
Microsoft Visual Studio Solution File, Format Version 12.00
# Visual Studio Version 17
VisualStudioVersion = 17.3.32825.248
MinimumVisualStudioVersion = 10.0.40219.1
Project("{FAE04EC0-301F-11D3-BF4B-00C04F79EFBC}") = "Daniel_Armero_Carlos_Carretero_Practica", "Daniel_Armero_Carlos_Carretero_Practica\Daniel_Armero_Carlos_Carretero_Practica.csproj", "{F94E6851-7FEB-44A9-BA38-EB1F9114FBEB}"
EndProject
Global
	GlobalSection(SolutionConfigurationPlatforms) = preSolution
		Debug|Any CPU = Debug|Any CPU
		Release|Any CPU = Release|Any CPU
	EndGlobalSection
	GlobalSection(ProjectConfigurationPlatforms) = postSolution
		{F94E6851-7FEB-44A9-BA38-EB1F9114FBEB}.Debug|Any CPU.ActiveCfg = Debug|Any CPU
		{F94E6851-7FEB-44A9-BA38-EB1F9114FBEB}.Debug|Any CPU.Build.0 = Debug|Any CPU
		{F94E6851-7FEB-44A9-BA38-EB1F9114FBEB}.Release|Any CPU.ActiveCfg = Release|Any CPU
		{F94E6851-7FEB-44A9-BA38-EB1F9114FBEB}.Release|Any CPU.Build.0 = Release|Any CPU
	EndGlobalSection
	GlobalSection(SolutionProperties) = preSolution
		HideSolutionNode = FALSE
	EndGlobalSection
	GlobalSection(ExtensibilityGlobals) = postSolution
		SolutionGuid = {E0520EB4-6EC4-4BD4-A1C5-76EEE539DA55}
	EndGlobalSection
EndGlobal
